// !$*UTF8*$!
{
	archiveVersion = 1;
	classes = {
	};
	objectVersion = 77;
	objects = {

/* Begin PBXContainerItemProxy section */
		94F143D22EF9B77400FB44CD /* PBXContainerItemProxy */ = {
			isa = PBXContainerItemProxy;
			containerPortal = 94F143BC2EF9B77000FB44CD /* Project object */;
			proxyType = 1;
			remoteGlobalIDString = 94F143C32EF9B77000FB44CD;
			remoteInfo = UserListWithAPIExample;
		};
		94F143DC2EF9B77400FB44CD /* PBXContainerItemProxy */ = {
			isa = PBXContainerItemProxy;
			containerPortal = 94F143BC2EF9B77000FB44CD /* Project object */;
			proxyType = 1;
			remoteGlobalIDString = 94F143C32EF9B77000FB44CD;
			remoteInfo = UserListWithAPIExample;
		};
/* End PBXContainerItemProxy section */

/* Begin PBXFileReference section */
		94F143C42EF9B77000FB44CD /* UserListWithAPIExample.app */ = {isa = PBXFileReference; explicitFileType = wrapper.application; includeInIndex = 0; path = UserListWithAPIExample.app; sourceTree = BUILT_PRODUCTS_DIR; };
		94F143D12EF9B77400FB44CD /* UserListWithAPIExampleTests.xctest */ = {isa = PBXFileReference; explicitFileType = wrapper.cfbundle; includeInIndex = 0; path = UserListWithAPIExampleTests.xctest; sourceTree = BUILT_PRODUCTS_DIR; };
		94F143DB2EF9B77400FB44CD /* UserListWithAPIExampleUITests.xctest */ = {isa = PBXFileReference; explicitFileType = wrapper.cfbundle; includeInIndex = 0; path = UserListWithAPIExampleUITests.xctest; sourceTree = BUILT_PRODUCTS_DIR; };
/* End PBXFileReference section */

/* Begin PBXFileSystemSynchronizedRootGroup section */
		94F143C62EF9B77000FB44CD /* UserListWithAPIExample */ = {
			isa = PBXFileSystemSynchronizedRootGroup;
			path = UserListWithAPIExample;
			sourceTree = "<group>";
		};
		94F143D42EF9B77400FB44CD /* UserListWithAPIExampleTests */ = {
			isa = PBXFileSystemSynchronizedRootGroup;
			path = UserListWithAPIExampleTests;
			sourceTree = "<group>";
		};
		94F143DE2EF9B77400FB44CD /* UserListWithAPIExampleUITests */ = {
			isa = PBXFileSystemSynchronizedRootGroup;
			path = UserListWithAPIExampleUITests;
			sourceTree = "<group>";
		};
/* End PBXFileSystemSynchronizedRootGroup section */

/* Begin PBXFrameworksBuildPhase section */
		94F143C12EF9B77000FB44CD /* Frameworks */ = {
			isa = PBXFrameworksBuildPhase;
			buildActionMask = 2147483647;
			files = (
			);
			runOnlyForDeploymentPostprocessing = 0;
		};
		94F143CE2EF9B77400FB44CD /* Frameworks */ = {
			isa = PBXFrameworksBuildPhase;
			buildActionMask = 2147483647;
			files = (
			);
			runOnlyForDeploymentPostprocessing = 0;
		};
		94F143D82EF9B77400FB44CD /* Frameworks */ = {
			isa = PBXFrameworksBuildPhase;
			buildActionMask = 2147483647;
			files = (
			);
			runOnlyForDeploymentPostprocessing = 0;
		};
/* End PBXFrameworksBuildPhase section */

/* Begin PBXGroup section */
		94F143BB2EF9B77000FB44CD = {
			isa = PBXGroup;
			children = (
				94F143C62EF9B77000FB44CD /* UserListWithAPIExample */,
				94F143D42EF9B77400FB44CD /* UserListWithAPIExampleTests */,
				94F143DE2EF9B77400FB44CD /* UserListWithAPIExampleUITests */,
				94F143C52EF9B77000FB44CD /* Products */,
			);
			sourceTree = "<group>";
		};
		94F143C52EF9B77000FB44CD /* Products */ = {
			isa = PBXGroup;
			children = (
				94F143C42EF9B77000FB44CD /* UserListWithAPIExample.app */,
				94F143D12EF9B77400FB44CD /* UserListWithAPIExampleTests.xctest */,
				94F143DB2EF9B77400FB44CD /* UserListWithAPIExampleUITests.xctest */,
			);
			name = Products;
			sourceTree = "<group>";
		};
/* End PBXGroup section */

/* Begin PBXNativeTarget section */
		94F143C32EF9B77000FB44CD /* UserListWithAPIExample */ = {
			isa = PBXNativeTarget;
			buildConfigurationList = 94F143E52EF9B77400FB44CD /* Build configuration list for PBXNativeTarget "UserListWithAPIExample" */;
			buildPhases = (
				94F143C02EF9B77000FB44CD /* Sources */,
				94F143C12EF9B77000FB44CD /* Frameworks */,
				94F143C22EF9B77000FB44CD /* Resources */,
			);
			buildRules = (
			);
			dependencies = (
			);
			fileSystemSynchronizedGroups = (
				94F143C62EF9B77000FB44CD /* UserListWithAPIExample */,
			);
			name = UserListWithAPIExample;
			packageProductDependencies = (
			);
			productName = UserListWithAPIExample;
			productReference = 94F143C42EF9B77000FB44CD /* UserListWithAPIExample.app */;
			productType = "com.apple.product-type.application";
		};
		94F143D02EF9B77400FB44CD /* UserListWithAPIExampleTests */ = {
			isa = PBXNativeTarget;
			buildConfigurationList = 94F143E82EF9B77400FB44CD /* Build configuration list for PBXNativeTarget "UserListWithAPIExampleTests" */;
			buildPhases = (
				94F143CD2EF9B77400FB44CD /* Sources */,
				94F143CE2EF9B77400FB44CD /* Frameworks */,
				94F143CF2EF9B77400FB44CD /* Resources */,
			);
			buildRules = (
			);
			dependencies = (
				94F143D32EF9B77400FB44CD /* PBXTargetDependency */,
			);
			fileSystemSynchronizedGroups = (
				94F143D42EF9B77400FB44CD /* UserListWithAPIExampleTests */,
			);
			name = UserListWithAPIExampleTests;
			packageProductDependencies = (
			);
			productName = UserListWithAPIExampleTests;
			productReference = 94F143D12EF9B77400FB44CD /* UserListWithAPIExampleTests.xctest */;
			productType = "com.apple.product-type.bundle.unit-test";
		};
		94F143DA2EF9B77400FB44CD /* UserListWithAPIExampleUITests */ = {
			isa = PBXNativeTarget;
			buildConfigurationList = 94F143EB2EF9B77400FB44CD /* Build configuration list for PBXNativeTarget "UserListWithAPIExampleUITests" */;
			buildPhases = (
				94F143D72EF9B77400FB44CD /* Sources */,
				94F143D82EF9B77400FB44CD /* Frameworks */,
				94F143D92EF9B77400FB44CD /* Resources */,
			);
			buildRules = (
			);
			dependencies = (
				94F143DD2EF9B77400FB44CD /* PBXTargetDependency */,
			);
			fileSystemSynchronizedGroups = (
				94F143DE2EF9B77400FB44CD /* UserListWithAPIExampleUITests */,
			);
			name = UserListWithAPIExampleUITests;
			packageProductDependencies = (
			);
			productName = UserListWithAPIExampleUITests;
			productReference = 94F143DB2EF9B77400FB44CD /* UserListWithAPIExampleUITests.xctest */;
			productType = "com.apple.product-type.bundle.ui-testing";
		};
/* End PBXNativeTarget section */

/* Begin PBXProject section */
		94F143BC2EF9B77000FB44CD /* Project object */ = {
			isa = PBXProject;
			attributes = {
				BuildIndependentTargetsInParallel = 1;
				LastSwiftUpdateCheck = 1640;
				LastUpgradeCheck = 1640;
				TargetAttributes = {
					94F143C32EF9B77000FB44CD = {
						CreatedOnToolsVersion = 16.4;
					};
					94F143D02EF9B77400FB44CD = {
						CreatedOnToolsVersion = 16.4;
						TestTargetID = 94F143C32EF9B77000FB44CD;
					};
					94F143DA2EF9B77400FB44CD = {
						CreatedOnToolsVersion = 16.4;
						TestTargetID = 94F143C32EF9B77000FB44CD;
					};
				};
			};
			buildConfigurationList = 94F143BF2EF9B77000FB44CD /* Build configuration list for PBXProject "UserListWithAPIExample" */;
			developmentRegion = en;
			hasScannedForEncodings = 0;
			knownRegions = (
				en,
				Base,
			);
			mainGroup = 94F143BB2EF9B77000FB44CD;
			minimizedProjectReferenceProxies = 1;
			preferredProjectObjectVersion = 77;
			productRefGroup = 94F143C52EF9B77000FB44CD /* Products */;
			projectDirPath = "";
			projectRoot = "";
			targets = (
				94F143C32EF9B77000FB44CD /* UserListWithAPIExample */,
				94F143D02EF9B77400FB44CD /* UserListWithAPIExampleTests */,
				94F143DA2EF9B77400FB44CD /* UserListWithAPIExampleUITests */,
			);
		};
/* End PBXProject section */

/* Begin PBXResourcesBuildPhase section */
		94F143C22EF9B77000FB44CD /* Resources */ = {
			isa = PBXResourcesBuildPhase;
			buildActionMask = 2147483647;
			files = (
			);
			runOnlyForDeploymentPostprocessing = 0;
		};
		94F143CF2EF9B77400FB44CD /* Resources */ = {
			isa = PBXResourcesBuildPhase;
			buildActionMask = 2147483647;
			files = (
			);
			runOnlyForDeploymentPostprocessing = 0;
		};
		94F143D92EF9B77400FB44CD /* Resources */ = {
			isa = PBXResourcesBuildPhase;
			buildActionMask = 2147483647;
			files = (
			);
			runOnlyForDeploymentPostprocessing = 0;
		};
/* End PBXResourcesBuildPhase section */

/* Begin PBXSourcesBuildPhase section */
		94F143C02EF9B77000FB44CD /* Sources */ = {
			isa = PBXSourcesBuildPhase;
			buildActionMask = 2147483647;
			files = (
			);
			runOnlyForDeploymentPostprocessing = 0;
		};
		94F143CD2EF9B77400FB44CD /* Sources */ = {
			isa = PBXSourcesBuildPhase;
			buildActionMask = 2147483647;
			files = (
			);
			runOnlyForDeploymentPostprocessing = 0;
		};
		94F143D72EF9B77400FB44CD /* Sources */ = {
			isa = PBXSourcesBuildPhase;
			buildActionMask = 2147483647;
			files = (
			);
			runOnlyForDeploymentPostprocessing = 0;
		};
/* End PBXSourcesBuildPhase section */

/* Begin PBXTargetDependency section */
		94F143D32EF9B77400FB44CD /* PBXTargetDependency */ = {
			isa = PBXTargetDependency;
			target = 94F143C32EF9B77000FB44CD /* UserListWithAPIExample */;
			targetProxy = 94F143D22EF9B77400FB44CD /* PBXContainerItemProxy */;
		};
		94F143DD2EF9B77400FB44CD /* PBXTargetDependency */ = {
			isa = PBXTargetDependency;
			target = 94F143C32EF9B77000FB44CD /* UserListWithAPIExample */;
			targetProxy = 94F143DC2EF9B77400FB44CD /* PBXContainerItemProxy */;
		};
/* End PBXTargetDependency section */

/* Begin XCBuildConfiguration section */
		94F143E32EF9B77400FB44CD /* Debug */ = {
			isa = XCBuildConfiguration;
			buildSettings = {
				ALWAYS_SEARCH_USER_PATHS = NO;
				ASSETCATALOG_COMPILER_GENERATE_SWIFT_ASSET_SYMBOL_EXTENSIONS = YES;
				CLANG_ANALYZER_NONNULL = YES;
				CLANG_ANALYZER_NUMBER_OBJECT_CONVERSION = YES_AGGRESSIVE;
				CLANG_CXX_LANGUAGE_STANDARD = "gnu++20";
				CLANG_ENABLE_MODULES = YES;
				CLANG_ENABLE_OBJC_ARC = YES;
				CLANG_ENABLE_OBJC_WEAK = YES;
				CLANG_WARN_BLOCK_CAPTURE_AUTORELEASING = YES;
				CLANG_WARN_BOOL_CONVERSION = YES;
				CLANG_WARN_COMMA = YES;
				CLANG_WARN_CONSTANT_CONVERSION = YES;
				CLANG_WARN_DEPRECATED_OBJC_IMPLEMENTATIONS = YES;
				CLANG_WARN_DIRECT_OBJC_ISA_USAGE = YES_ERROR;
				CLANG_WARN_DOCUMENTATION_COMMENTS = YES;
				CLANG_WARN_EMPTY_BODY = YES;
				CLANG_WARN_ENUM_CONVERSION = YES;
				CLANG_WARN_INFINITE_RECURSION = YES;
				CLANG_WARN_INT_CONVERSION = YES;
				CLANG_WARN_NON_LITERAL_NULL_CONVERSION = YES;
				CLANG_WARN_OBJC_IMPLICIT_RETAIN_SELF = YES;
				CLANG_WARN_OBJC_LITERAL_CONVERSION = YES;
				CLANG_WARN_OBJC_ROOT_CLASS = YES_ERROR;
				CLANG_WARN_QUOTED_INCLUDE_IN_FRAMEWORK_HEADER = YES;
				CLANG_WARN_RANGE_LOOP_ANALYSIS = YES;
				CLANG_WARN_STRICT_PROTOTYPES = YES;
				CLANG_WARN_SUSPICIOUS_MOVE = YES;
				CLANG_WARN_UNGUARDED_AVAILABILITY = YES_AGGRESSIVE;
				CLANG_WARN_UNREACHABLE_CODE = YES;
				CLANG_WARN__DUPLICATE_METHOD_MATCH = YES;
				COPY_PHASE_STRIP = NO;
				DEBUG_INFORMATION_FORMAT = dwarf;
				ENABLE_STRICT_OBJC_MSGSEND = YES;
				ENABLE_TESTABILITY = YES;
				ENABLE_USER_SCRIPT_SANDBOXING = YES;
				GCC_C_LANGUAGE_STANDARD = gnu17;
				GCC_DYNAMIC_NO_PIC = NO;
				GCC_NO_COMMON_BLOCKS = YES;
				GCC_OPTIMIZATION_LEVEL = 0;
				GCC_PREPROCESSOR_DEFINITIONS = (
					"DEBUG=1",
					"$(inherited)",
				);
				GCC_WARN_64_TO_32_BIT_CONVERSION = YES;
				GCC_WARN_ABOUT_RETURN_TYPE = YES_ERROR;
				GCC_WARN_UNDECLARED_SELECTOR = YES;
				GCC_WARN_UNINITIALIZED_AUTOS = YES_AGGRESSIVE;
				GCC_WARN_UNUSED_FUNCTION = YES;
				GCC_WARN_UNUSED_VARIABLE = YES;
				IPHONEOS_DEPLOYMENT_TARGET = 18.5;
				LOCALIZATION_PREFERS_STRING_CATALOGS = YES;
				MTL_ENABLE_DEBUG_INFO = INCLUDE_SOURCE;
				MTL_FAST_MATH = YES;
				ONLY_ACTIVE_ARCH = YES;
				SDKROOT = iphoneos;
				SWIFT_ACTIVE_COMPILATION_CONDITIONS = "DEBUG $(inherited)";
				SWIFT_OPTIMIZATION_LEVEL = "-Onone";
			};
			name = Debug;
		};
		94F143E42EF9B77400FB44CD /* Release */ = {
			isa = XCBuildConfiguration;
			buildSettings = {
				ALWAYS_SEARCH_USER_PATHS = NO;
				ASSETCATALOG_COMPILER_GENERATE_SWIFT_ASSET_SYMBOL_EXTENSIONS = YES;
				CLANG_ANALYZER_NONNULL = YES;
				CLANG_ANALYZER_NUMBER_OBJECT_CONVERSION = YES_AGGRESSIVE;
				CLANG_CXX_LANGUAGE_STANDARD = "gnu++20";
				CLANG_ENABLE_MODULES = YES;
				CLANG_ENABLE_OBJC_ARC = YES;
				CLANG_ENABLE_OBJC_WEAK = YES;
				CLANG_WARN_BLOCK_CAPTURE_AUTORELEASING = YES;
				CLANG_WARN_BOOL_CONVERSION = YES;
				CLANG_WARN_COMMA = YES;
				CLANG_WARN_CONSTANT_CONVERSION = YES;
				CLANG_WARN_DEPRECATED_OBJC_IMPLEMENTATIONS = YES;
				CLANG_WARN_DIRECT_OBJC_ISA_USAGE = YES_ERROR;
				CLANG_WARN_DOCUMENTATION_COMMENTS = YES;
				CLANG_WARN_EMPTY_BODY = YES;
				CLANG_WARN_ENUM_CONVERSION = YES;
				CLANG_WARN_INFINITE_RECURSION = YES;
				CLANG_WARN_INT_CONVERSION = YES;
				CLANG_WARN_NON_LITERAL_NULL_CONVERSION = YES;
				CLANG_WARN_OBJC_IMPLICIT_RETAIN_SELF = YES;
				CLANG_WARN_OBJC_LITERAL_CONVERSION = YES;
				CLANG_WARN_OBJC_ROOT_CLASS = YES_ERROR;
				CLANG_WARN_QUOTED_INCLUDE_IN_FRAMEWORK_HEADER = YES;
				CLANG_WARN_RANGE_LOOP_ANALYSIS = YES;
				CLANG_WARN_STRICT_PROTOTYPES = YES;
				CLANG_WARN_SUSPICIOUS_MOVE = YES;
				CLANG_WARN_UNGUARDED_AVAILABILITY = YES_AGGRESSIVE;
				CLANG_WARN_UNREACHABLE_CODE = YES;
				CLANG_WARN__DUPLICATE_METHOD_MATCH = YES;
				COPY_PHASE_STRIP = NO;
				DEBUG_INFORMATION_FORMAT = "dwarf-with-dsym";
				ENABLE_NS_ASSERTIONS = NO;
				ENABLE_STRICT_OBJC_MSGSEND = YES;
				ENABLE_USER_SCRIPT_SANDBOXING = YES;
				GCC_C_LANGUAGE_STANDARD = gnu17;
				GCC_NO_COMMON_BLOCKS = YES;
				GCC_WARN_64_TO_32_BIT_CONVERSION = YES;
				GCC_WARN_ABOUT_RETURN_TYPE = YES_ERROR;
				GCC_WARN_UNDECLARED_SELECTOR = YES;
				GCC_WARN_UNINITIALIZED_AUTOS = YES_AGGRESSIVE;
				GCC_WARN_UNUSED_FUNCTION = YES;
				GCC_WARN_UNUSED_VARIABLE = YES;
				IPHONEOS_DEPLOYMENT_TARGET = 18.5;
				LOCALIZATION_PREFERS_STRING_CATALOGS = YES;
				MTL_ENABLE_DEBUG_INFO = NO;
				MTL_FAST_MATH = YES;
				SDKROOT = iphoneos;
				SWIFT_COMPILATION_MODE = wholemodule;
				VALIDATE_PRODUCT = YES;
			};
			name = Release;
		};
		94F143E62EF9B77400FB44CD /* Debug */ = {
			isa = XCBuildConfiguration;
			buildSettings = {
				ASSETCATALOG_COMPILER_APPICON_NAME = AppIcon;
				ASSETCATALOG_COMPILER_GLOBAL_ACCENT_COLOR_NAME = AccentColor;
				CODE_SIGN_STYLE = Automatic;
				CURRENT_PROJECT_VERSION = 1;
				ENABLE_PREVIEWS = YES;
				GENERATE_INFOPLIST_FILE = YES;
				INFOPLIST_KEY_UIApplicationSceneManifest_Generation = YES;
				INFOPLIST_KEY_UIApplicationSupportsIndirectInputEvents = YES;
				INFOPLIST_KEY_UILaunchScreen_Generation = YES;
				INFOPLIST_KEY_UISupportedInterfaceOrientations_iPad = "UIInterfaceOrientationPortrait UIInterfaceOrientationPortraitUpsideDown UIInterfaceOrientationLandscapeLeft UIInterfaceOrientationLandscapeRight";
				INFOPLIST_KEY_UISupportedInterfaceOrientations_iPhone = "UIInterfaceOrientationPortrait UIInterfaceOrientationLandscapeLeft UIInterfaceOrientationLandscapeRight";
				LD_RUNPATH_SEARCH_PATHS = (
					"$(inherited)",
					"@executable_path/Frameworks",
				);
				MARKETING_VERSION = 1.0;
				PRODUCT_BUNDLE_IDENTIFIER = com.manojm.com.UserListWithAPIExample;
				PRODUCT_NAME = "$(TARGET_NAME)";
				SWIFT_EMIT_LOC_STRINGS = YES;
				SWIFT_VERSION = 5.0;
				TARGETED_DEVICE_FAMILY = "1,2";
			};
			name = Debug;
		};
		94F143E72EF9B77400FB44CD /* Release */ = {
			isa = XCBuildConfiguration;
			buildSettings = {
				ASSETCATALOG_COMPILER_APPICON_NAME = AppIcon;
				ASSETCATALOG_COMPILER_GLOBAL_ACCENT_COLOR_NAME = AccentColor;
				CODE_SIGN_STYLE = Automatic;
				CURRENT_PROJECT_VERSION = 1;
				ENABLE_PREVIEWS = YES;
				GENERATE_INFOPLIST_FILE = YES;
				INFOPLIST_KEY_UIApplicationSceneManifest_Generation = YES;
				INFOPLIST_KEY_UIApplicationSupportsIndirectInputEvents = YES;
				INFOPLIST_KEY_UILaunchScreen_Generation = YES;
				INFOPLIST_KEY_UISupportedInterfaceOrientations_iPad = "UIInterfaceOrientationPortrait UIInterfaceOrientationPortraitUpsideDown UIInterfaceOrientationLandscapeLeft UIInterfaceOrientationLandscapeRight";
				INFOPLIST_KEY_UISupportedInterfaceOrientations_iPhone = "UIInterfaceOrientationPortrait UIInterfaceOrientationLandscapeLeft UIInterfaceOrientationLandscapeRight";
				LD_RUNPATH_SEARCH_PATHS = (
					"$(inherited)",
					"@executable_path/Frameworks",
				);
				MARKETING_VERSION = 1.0;
				PRODUCT_BUNDLE_IDENTIFIER = com.manojm.com.UserListWithAPIExample;
				PRODUCT_NAME = "$(TARGET_NAME)";
				SWIFT_EMIT_LOC_STRINGS = YES;
				SWIFT_VERSION = 5.0;
				TARGETED_DEVICE_FAMILY = "1,2";
			};
			name = Release;
		};
		94F143E92EF9B77400FB44CD /* Debug */ = {
			isa = XCBuildConfiguration;
			buildSettings = {
				BUNDLE_LOADER = "$(TEST_HOST)";
				CODE_SIGN_STYLE = Automatic;
				CURRENT_PROJECT_VERSION = 1;
				GENERATE_INFOPLIST_FILE = YES;
				IPHONEOS_DEPLOYMENT_TARGET = 18.5;
				MARKETING_VERSION = 1.0;
				PRODUCT_BUNDLE_IDENTIFIER = com.manojm.com.UserListWithAPIExampleTests;
				PRODUCT_NAME = "$(TARGET_NAME)";
				SWIFT_EMIT_LOC_STRINGS = NO;
				SWIFT_VERSION = 5.0;
				TARGETED_DEVICE_FAMILY = "1,2";
				TEST_HOST = "$(BUILT_PRODUCTS_DIR)/UserListWithAPIExample.app/$(BUNDLE_EXECUTABLE_FOLDER_PATH)/UserListWithAPIExample";
			};
			name = Debug;
		};
		94F143EA2EF9B77400FB44CD /* Release */ = {
			isa = XCBuildConfiguration;
			buildSettings = {
				BUNDLE_LOADER = "$(TEST_HOST)";
				CODE_SIGN_STYLE = Automatic;
				CURRENT_PROJECT_VERSION = 1;
				GENERATE_INFOPLIST_FILE = YES;
				IPHONEOS_DEPLOYMENT_TARGET = 18.5;
				MARKETING_VERSION = 1.0;
				PRODUCT_BUNDLE_IDENTIFIER = com.manojm.com.UserListWithAPIExampleTests;
				PRODUCT_NAME = "$(TARGET_NAME)";
				SWIFT_EMIT_LOC_STRINGS = NO;
				SWIFT_VERSION = 5.0;
				TARGETED_DEVICE_FAMILY = "1,2";
				TEST_HOST = "$(BUILT_PRODUCTS_DIR)/UserListWithAPIExample.app/$(BUNDLE_EXECUTABLE_FOLDER_PATH)/UserListWithAPIExample";
			};
			name = Release;
		};
		94F143EC2EF9B77400FB44CD /* Debug */ = {
			isa = XCBuildConfiguration;
			buildSettings = {
				CODE_SIGN_STYLE = Automatic;
				CURRENT_PROJECT_VERSION = 1;
				GENERATE_INFOPLIST_FILE = YES;
				MARKETING_VERSION = 1.0;
				PRODUCT_BUNDLE_IDENTIFIER = com.manojm.com.UserListWithAPIExampleUITests;
				PRODUCT_NAME = "$(TARGET_NAME)";
				SWIFT_EMIT_LOC_STRINGS = NO;
				SWIFT_VERSION = 5.0;
				TARGETED_DEVICE_FAMILY = "1,2";
				TEST_TARGET_NAME = UserListWithAPIExample;
			};
			name = Debug;
		};
		94F143ED2EF9B77400FB44CD /* Release */ = {
			isa = XCBuildConfiguration;
			buildSettings = {
				CODE_SIGN_STYLE = Automatic;
				CURRENT_PROJECT_VERSION = 1;
				GENERATE_INFOPLIST_FILE = YES;
				MARKETING_VERSION = 1.0;
				PRODUCT_BUNDLE_IDENTIFIER = com.manojm.com.UserListWithAPIExampleUITests;
				PRODUCT_NAME = "$(TARGET_NAME)";
				SWIFT_EMIT_LOC_STRINGS = NO;
				SWIFT_VERSION = 5.0;
				TARGETED_DEVICE_FAMILY = "1,2";
				TEST_TARGET_NAME = UserListWithAPIExample;
			};
			name = Release;
		};
/* End XCBuildConfiguration section */

/* Begin XCConfigurationList section */
		94F143BF2EF9B77000FB44CD /* Build configuration list for PBXProject "UserListWithAPIExample" */ = {
			isa = XCConfigurationList;
			buildConfigurations = (
				94F143E32EF9B77400FB44CD /* Debug */,
				94F143E42EF9B77400FB44CD /* Release */,
			);
			defaultConfigurationIsVisible = 0;
			defaultConfigurationName = Release;
		};
		94F143E52EF9B77400FB44CD /* Build configuration list for PBXNativeTarget "UserListWithAPIExample" */ = {
			isa = XCConfigurationList;
			buildConfigurations = (
				94F143E62EF9B77400FB44CD /* Debug */,
				94F143E72EF9B77400FB44CD /* Release */,
			);
			defaultConfigurationIsVisible = 0;
			defaultConfigurationName = Release;
		};
		94F143E82EF9B77400FB44CD /* Build configuration list for PBXNativeTarget "UserListWithAPIExampleTests" */ = {
			isa = XCConfigurationList;
			buildConfigurations = (
				94F143E92EF9B77400FB44CD /* Debug */,
				94F143EA2EF9B77400FB44CD /* Release */,
			);
			defaultConfigurationIsVisible = 0;
			defaultConfigurationName = Release;
		};
		94F143EB2EF9B77400FB44CD /* Build configuration list for PBXNativeTarget "UserListWithAPIExampleUITests" */ = {
			isa = XCConfigurationList;
			buildConfigurations = (
				94F143EC2EF9B77400FB44CD /* Debug */,
				94F143ED2EF9B77400FB44CD /* Release */,
			);
			defaultConfigurationIsVisible = 0;
			defaultConfigurationName = Release;
		};
/* End XCConfigurationList section */
	};
	rootObject = 94F143BC2EF9B77000FB44CD /* Project object */;
}
